{
    "_readme": [
        "This file locks the dependencies of your project to a known state",
        "Read more about it at https://getcomposer.org/doc/01-basic-usage.md#composer-lock-the-lock-file",
        "This file is @generated automatically"
    ],
    "content-hash": "f6ad378f84000207aeff59c38342ba7a",
    "packages": [
        {
            "name": "rdpascua/jasperstarter",
            "version": "3.3.0",
            "source": {
                "type": "git",
                "url": "https://github.com/rdpascua/jasperstarter.git",
                "reference": "03e847f651b259bb26d8cb2457b28b110734c97b"
            },
            "dist": {
                "type": "zip",
                "url": "https://api.github.com/repos/rdpascua/jasperstarter/zipball/03e847f651b259bb26d8cb2457b28b110734c97b",
                "reference": "03e847f651b259bb26d8cb2457b28b110734c97b",
                "shasum": ""
            },
            "bin": [
                "bin/jasperstarter"
            ],
            "type": "library",
            "notification-url": "https://packagist.org/downloads/",
            "license": [
                "Apache-2.0"
            ],
            "authors": [
                {
                    "name": "Darick Pascua",
                    "email": "rdpascua@outlook.com"
                }
            ],
            "description": "JasperStarter is an opensource command line launcher and batch compiler for JasperReports",
            "homepage": "http://jasperstarter.cenote.de/",
            "keywords": [
                "jasper",
                "reports"
            ],
            "time": "2018-03-27T12:00:07+00:00"
        },
        {
            "name": "setasign/fpdi",
            "version": "v2.1.1",
            "source": {
                "type": "git",
                "url": "https://github.com/Setasign/FPDI.git",
                "reference": "356de9cb6b6a826ac952c86aee6599463ea87362"
            },
            "dist": {
                "type": "zip",
                "url": "https://api.github.com/repos/Setasign/FPDI/zipball/356de9cb6b6a826ac952c86aee6599463ea87362",
                "reference": "356de9cb6b6a826ac952c86aee6599463ea87362",
                "shasum": ""
            },
            "require": {
                "ext-zlib": "*",
                "php": "^5.6 || ^7.0"
            },
            "require-dev": {
                "phpunit/phpunit": "~5.7",
                "setasign/fpdf": "~1.8",
                "setasign/tfpdf": "1.25",
                "tecnickcom/tcpdf": "~6.2"
            },
            "suggest": {
                "setasign/fpdf": "FPDI will extend this class but as it is also possible to use TCPDF or tFPDF as an alternative. There's no fixed dependency configured.",
                "setasign/fpdi-fpdf": "Use this package to automatically evaluate dependencies to FPDF.",
                "setasign/fpdi-tcpdf": "Use this package to automatically evaluate dependencies to TCPDF.",
                "setasign/fpdi-tfpdf": "Use this package to automatically evaluate dependencies to tFPDF."
            },
            "type": "library",
            "autoload": {
                "psr-4": {
                    "setasign\\Fpdi\\": "src/"
                }
            },
            "notification-url": "https://packagist.org/downloads/",
            "license": [
                "MIT"
            ],
            "authors": [
                {
                    "name": "Jan Slabon",
                    "email": "jan.slabon@setasign.com",
                    "homepage": "https://www.setasign.com"
                },
                {
                    "name": "Maximilian Kresse",
                    "email": "maximilian.kresse@setasign.com",
                    "homepage": "https://www.setasign.com"
                }
            ],
            "description": "FPDI is a collection of PHP classes facilitating developers to read pages from existing PDF documents and use them as templates in FPDF. Because it is also possible to use FPDI with TCPDF, there are no fixed dependencies defined. Please see suggestions for packages which evaluates the dependencies automatically.",
            "homepage": "https://www.setasign.com/fpdi",
            "keywords": [
                "fpdf",
                "fpdi",
                "pdf"
            ],
            "time": "2018-11-06T10:02:00+00:00"
        },
        {
            "name": "srag/dic",
            "version": "v0.14.0",
            "source": {
                "type": "git",
                "url": "https://github.com/studer-raimann/DIC.git",
                "reference": "bf91c68bf89438753c90bafe143648601f479c60"
            },
            "dist": {
                "type": "zip",
                "url": "https://api.github.com/repos/studer-raimann/DIC/zipball/bf91c68bf89438753c90bafe143648601f479c60",
                "reference": "bf91c68bf89438753c90bafe143648601f479c60",
                "shasum": ""
            },
            "require": {
                "php": ">=5.6"
            },
            "type": "library",
            "autoload": {
                "psr-4": {
                    "srag\\DIC\\": "src/"
                }
            },
            "notification-url": "https://packagist.org/downloads/",
            "license": [
                "GPL-3.0-only"
            ],
            "authors": [
                {
                    "name": "studer + raimann ag - Team Custom 1",
                    "email": "support-custom1@studer-raimann.ch",
                    "homepage": "https://studer-raimann.ch",
                    "role": "Developer"
                }
            ],
            "description": "Use all ILIAS globals in your class",
            "homepage": "https://github.com/studer-raimann/DIC",
            "keywords": [
                "ILIAS",
                "dic",
                "globals",
                "trait"
            ],
            "time": "2018-11-30T07:22:56+00:00"
        },
        {
            "name": "srag/jasperreport",
            "version": "2.0.18",
            "source": {
                "type": "git",
                "url": "https://github.com/studer-raimann/JasperReport.git",
                "reference": "6be35dd93883da053db91f08ea3b2569db7df87e"
            },
            "dist": {
                "type": "zip",
                "url": "https://api.github.com/repos/studer-raimann/JasperReport/zipball/6be35dd93883da053db91f08ea3b2569db7df87e",
                "reference": "6be35dd93883da053db91f08ea3b2569db7df87e",
                "shasum": ""
            },
            "require": {
                "php": ">=5.6",
                "rdpascua/jasperstarter": "^3.3.0",
                "setasign/fpdi": "^2.0.3",
                "srag/dic": ">=0.1.0"
            },
            "type": "library",
            "autoload": {
                "psr-4": {
                    "srag\\JasperReport\\": "src/"
                }
            },
            "notification-url": "https://packagist.org/downloads/",
            "license": [
                "GPL-3.0-only"
            ],
            "authors": [
                {
                    "name": "studer + raimann ag - Team Custom 1",
                    "email": "support-custom1@studer-raimann.ch",
                    "homepage": "https://studer-raimann.ch",
                    "role": "Developer"
                }
            ],
            "description": "This is an ILIAS wrapper for the JasperReport library. It allows ILIAS to print pretty PDF reports.",
            "homepage": "https://github.com/studer-raimann/JasperReport",
            "keywords": [
                "ILIAS",
                "jasper",
                "report"
            ],
            "time": "2018-09-18T06:47:10+00:00"
        },
        {
            "name": "srag/librariesnamespacechanger",
            "version": "v0.3.6",
            "source": {
                "type": "git",
                "url": "https://github.com/studer-raimann/LibrariesNamespaceChanger.git",
                "reference": "cf5f3be4341270fbe46a977bbd1403d744fb797a"
            },
            "dist": {
                "type": "zip",
                "url": "https://api.github.com/repos/studer-raimann/LibrariesNamespaceChanger/zipball/cf5f3be4341270fbe46a977bbd1403d744fb797a",
                "reference": "cf5f3be4341270fbe46a977bbd1403d744fb797a",
                "shasum": ""
            },
            "require": {
                "php": ">=5.6"
            },
            "type": "library",
            "autoload": {
                "psr-4": {
                    "srag\\LibrariesNamespaceChanger\\": "src/"
                }
            },
            "notification-url": "https://packagist.org/downloads/",
            "license": [
                "GPL-3.0-only"
            ],
            "authors": [
                {
                    "name": "studer + raimann ag - Team Custom 1",
                    "email": "support-custom1@studer-raimann.ch",
                    "homepage": "https://studer-raimann.ch",
                    "role": "Developer"
                }
            ],
            "description": "Change namespace of libraries to plugin namespace",
            "homepage": "https://github.com/studer-raimann/LibrariesNamespaceChanger",
            "keywords": [
                "ILIAS",
                "libraries"
            ],
            "time": "2018-11-21T08:31:42+00:00"
        }
    ],
    "packages-dev": [],
    "aliases": [],
    "minimum-stability": "stable",
    "stability-flags": [],
    "prefer-stable": false,
    "prefer-lowest": false,
    "platform": {
        "php": ">=5.6"
    },
    "platform-dev": []
}
